{"SurveyEntry":{"SurveyID":"SV_ctJ8YRuzHnDqkLP","SurveyName":"BFI-2 Full + Risk Propensity Scale (scored)","SurveyDescription":null,"SurveyOwnerID":"UR_bwp9JyMgqJILYxL","SurveyBrandID":"colby","DivisionID":null,"SurveyLanguage":"EN","SurveyActiveResponseSet":"RS_6WHveHP4ylgQFVP","SurveyStatus":"Inactive","SurveyStartDate":"0000-00-00 00:00:00","SurveyExpirationDate":"0000-00-00 00:00:00","SurveyCreationDate":"2020-03-03 11:13:29","CreatorID":"UR_bwp9JyMgqJILYxL","LastModified":"2020-03-03 11:27:17","LastAccessed":"0000-00-00 00:00:00","LastActivated":"0000-00-00 00:00:00","Deleted":null},"SurveyElements":[{"SurveyID":"SV_ctJ8YRuzHnDqkLP","Element":"BL","PrimaryAttribute":"Survey Blocks","SecondaryAttribute":null,"TertiaryAttribute":null,"Payload":[{"Type":"Default","Description":"BFI-2 Full measure (60 items)","ID":"BL_5yVcQG4pZo1TMFv","BlockElements":[{"Type":"Question","QuestionID":"QID2"},{"Type":"Question","QuestionID":"QID100"},{"Type":"Question","QuestionID":"QID101"}]}]},{"SurveyID":"SV_ctJ8YRuzHnDqkLP","Element":"FL","PrimaryAttribute":"Survey Flow","SecondaryAttribute":null,"TertiaryAttribute":null,"Payload":{"Flow":[{"ID":"BL_5yVcQG4pZo1TMFv","Type":"Block","FlowID":"FL_2"}],"Properties":{"Count":2},"FlowID":"FL_1","Type":"Root"}},{"SurveyID":"SV_ctJ8YRuzHnDqkLP","Element":"SO","PrimaryAttribute":"Survey Options","SecondaryAttribute":null,"TertiaryAttribute":null,"Payload":{"BackButton":"false","SaveAndContinue":"true","SurveyProtection":"PublicSurvey","BallotBoxStuffingPrevention":"false","NoIndex":"Yes","SecureResponseFiles":"true","SurveyExpiration":"None","SurveyTermination":"DefaultMessage","Header":"","Footer":"","ProgressBarDisplay":"None","PartialData":"+1 week","ValidationMessage":"","PreviousButton":" \u2190 ","NextButton":" \u2192 ","SurveyTitle":"Online Survey Software | Qualtrics Survey Solutions","SkinLibrary":"colby","SkinType":"MQ","Skin":"colby","NewScoring":1,"SurveyName":"BFI-2 Full measure and short forms"}},{"SurveyID":"SV_ctJ8YRuzHnDqkLP","Element":"PROJ","PrimaryAttribute":"CORE","SecondaryAttribute":null,"TertiaryAttribute":"1.1.0","Payload":{"ProjectCategory":"CORE","SchemaVersion":"1.1.0"}},{"SurveyID":"SV_ctJ8YRuzHnDqkLP","Element":"STAT","PrimaryAttribute":"Survey Statistics","SecondaryAttribute":null,"TertiaryAttribute":null,"Payload":{"MobileCompatible":false,"ID":"Survey Statistics"}},{"SurveyID":"SV_ctJ8YRuzHnDqkLP","Element":"SCO","PrimaryAttribute":"Scoring","SecondaryAttribute":null,"TertiaryAttribute":null,"Payload":{"ScoringCategories":[{"ID":"SC_FgCvDDtImwQX4jP","Name":"Extraversion","Description":""},{"ID":"SC_wXFmHM0ll9Tbc00","Name":"Agreeableness","Description":""},{"ID":"SC_ve7ZkVWe7vL4S7n","Name":"Conscientiousness","Description":""},{"ID":"SC_Q6QyHf0rSA4nbGb","Name":"Negative Emotionality","Description":""},{"ID":"SC_HsxPZPUp0JA9v5T","Name":"Open-Mindedness","Description":""},{"ID":"SC_jp4VSgmlMMgPS0X","Name":"E: Sociability","Description":""},{"ID":"SC_AhtFKJ0CjGGpuOU","Name":"E: Assertiveness","Description":""},{"ID":"SC_uxD4ylPuvVO4fkN","Name":"E: Energy Level","Description":""},{"ID":"SC_i0zZcByo1R6o1Tw","Name":"A: Compassion","Description":""},{"ID":"SC_xlDBs8b2cq51ypQ","Name":"A: Respectfulness","Description":""},{"ID":"SC_G48WiZEV1swLQ3c","Name":"A: Trust","Description":""},{"ID":"SC_WQ4pm6Fuid1jjdS","Name":"C: Organization","Description":""},{"ID":"SC_CebMVZ92MZfnHJm","Name":"C: Productiveness","Description":""},{"ID":"SC_4Ox8mH6gTb4bTpX","Name":"C: Responsibility","Description":""},{"ID":"SC_d0FfGN4FvEIuFCh","Name":"N: Anxiety","Description":""},{"ID":"SC_Gj4oap6Q068p9UH","Name":"N: Depression","Description":""},{"ID":"SC_0iZMDTpucFVZ4Ar","Name":"N: Emotional Volatility","Description":""},{"ID":"SC_pBRXsJSDRFSgYTv","Name":"O: Intellectual Curiosity","Description":""},{"ID":"SC_TwGj8ND21wlyjAe","Name":"O: Aesthetic Sensitivity","Description":""},{"ID":"SC_oFlIrMtsvjVhlNw","Name":"O: Creative Imagination","Description":""},{"ID":"SC_XyE73XsiSuz5HKV","Name":"Risk Propensity","Description":""},{"ID":"SC_OvUVsMYfNEUtsqS","Name":"Attention Check","Description":""}],"ScoringCategoryGroups":[],"DefaultScoringCategory":"SC_FgCvDDtImwQX4jP","ScoringSummaryCategory":"SC_FgCvDDtImwQX4jP","ScoringSummaryAfterQuestions":0,"ScoringSummaryAfterSurvey":0,"AutoScoringCategory":null,"IgnoreNullValues":true}},{"SurveyID":"SV_ctJ8YRuzHnDqkLP","Element":"QC","PrimaryAttribute":"Survey Question Count","SecondaryAttribute":"3","TertiaryAttribute":null,"Payload":null},{"SurveyID":"SV_ctJ8YRuzHnDqkLP","Element":"SQ","PrimaryAttribute":"QID2","SecondaryAttribute":"Your Personality \u00a0 Here are a number of characteristics that may or may not apply to you. For exa..","TertiaryAttribute":null,"Payload":{"QuestionText":"<div style=\"text-align: center;\"><strong>Your Personality</strong></div>\n\n<div>&nbsp;</div>\n\n<div>Here are a number of characteristics that may or may not apply to you. For example, do you agree that you are someone who&nbsp;<em>likes to spend time with others?</em>&nbsp;Please select a response to indicate the extent to which you agree or disagree with each statement.</div>\n\n<div>&nbsp;</div>\n\n<div>\n<div><em style=\"font-size: 16px;\"><strong>I am someone who...</strong></em></div>\n</div>","DefaultChoices":false,"DataExportTag":"BFI-2","QuestionType":"Matrix","Selector":"Likert","SubSelector":"SingleAnswer","DataVisibility":{"Private":false,"Hidden":false},"Configuration":{"QuestionDescriptionOption":"UseText","TextPosition":"inline","ChoiceColumnWidth":25,"ChoiceColumnWidthPixels":271,"RepeatHeaders":"middle","WhiteSpace":"OFF","MobileFirst":true},"QuestionDescription":"Your Personality \u00a0 Here are a number of characteristics that may or may not apply to you. For exa...","Choices":{"1":{"Display":"Is outgoing, sociable."},"2":{"Display":"Is compassionate, has a soft heart."},"3":{"Display":"Tends to be disorganized."},"4":{"Display":"Is relaxed, handles stress well."},"5":{"Display":"Has few artistic interests."},"6":{"Display":"Has an assertive personality."},"7":{"Display":"Is respectful, treats others with respect."},"8":{"Display":"Tends to be lazy."},"9":{"Display":"Stays optimistic after experiencing a setback."},"10":{"Display":"Is curious about many different things."},"11":{"Display":"Rarely feels excited or eager."},"12":{"Display":"Tends to find fault with others."},"13":{"Display":"Is dependable, steady."},"14":{"Display":"Is moody, has up and down mood swings."},"15":{"Display":"Is inventive, finds clever ways to do things."},"16":{"Display":"Tends to be quiet."},"17":{"Display":"Feels little sympathy for others."},"18":{"Display":"Is systematic, likes to keep things in order."},"19":{"Display":"Can be tense."},"20":{"Display":"Is fascinated by art, music, or literature."},"21":{"Display":"Is dominant, acts as a leader."},"22":{"Display":"Starts arguments with others."},"23":{"Display":"Has difficulty getting started on tasks."},"24":{"Display":"Feels secure, comfortable with self."},"25":{"Display":"Avoids intellectual, philosophical discussions."},"26":{"Display":"Is less active than other people."},"27":{"Display":"Has a forgiving nature."},"28":{"Display":"Can be somewhat careless."},"29":{"Display":"Is emotionally stable, not easily upset."},"30":{"Display":"Has little creativity."},"31":{"Display":"Is sometimes shy, introverted."},"32":{"Display":"Is helpful and unselfish with others."},"33":{"Display":"Keeps things neat and tidy."},"34":{"Display":"Worries a lot."},"35":{"Display":"Values art and beauty."},"36":{"Display":"Finds it hard to influence people."},"37":{"Display":"Is sometimes rude to others."},"38":{"Display":"Is efficient, gets things done."},"39":{"Display":"Often feels sad."},"40":{"Display":"Is complex, a deep thinker."},"41":{"Display":"Is full of energy."},"42":{"Display":"Is suspicious of others\u2019 intentions."},"43":{"Display":"Is reliable, can always be counted on."},"44":{"Display":"Keeps their emotions under control."},"45":{"Display":"Has difficulty imagining things."},"46":{"Display":"Is talkative."},"47":{"Display":"Can be cold and uncaring."},"48":{"Display":"Leaves a mess, doesn\u2019t clean up."},"49":{"Display":"Rarely feels anxious or afraid."},"50":{"Display":"Thinks poetry and plays are boring."},"51":{"Display":"Prefers to have others take charge."},"52":{"Display":"Is polite, courteous to others."},"53":{"Display":"Is persistent, works until the task is finished."},"54":{"Display":"Tends to feel depressed, blue."},"55":{"Display":"Has little interest in abstract ideas."},"56":{"Display":"Shows a lot of enthusiasm."},"57":{"Display":"Assumes the best about people."},"58":{"Display":"Sometimes behaves irresponsibly."},"59":{"Display":"Is temperamental, gets emotional easily."},"60":{"Display":"Is original, comes up with new ideas."}},"ChoiceOrder":[1,2,3,4,5,6,7,8,9,10,11,12,13,14,15,16,17,18,19,20,21,22,23,24,25,26,27,28,29,30,31,32,33,34,35,36,37,38,39,40,41,42,43,44,45,46,47,48,49,50,51,52,53,54,55,56,57,58,59,60],"Randomization":{"TotalRandSubset":"","Advanced":null,"Type":"All"},"Validation":{"Settings":{"ForceResponse":"RequestResponse","ForceResponseType":"RequestResponse","Type":"None"}},"GradingData":[{"AnswerID":1,"ChoiceID":1,"Grades":{"SC_FgCvDDtImwQX4jP":"1","SC_jp4VSgmlMMgPS0X":"1"},"index":0},{"AnswerID":2,"ChoiceID":1,"Grades":{"SC_FgCvDDtImwQX4jP":"2","SC_jp4VSgmlMMgPS0X":"2"},"index":1},{"AnswerID":3,"ChoiceID":1,"Grades":{"SC_FgCvDDtImwQX4jP":"3","SC_jp4VSgmlMMgPS0X":"3"},"index":2},{"AnswerID":4,"ChoiceID":1,"Grades":{"SC_FgCvDDtImwQX4jP":"4","SC_jp4VSgmlMMgPS0X":"4"},"index":3},{"AnswerID":5,"ChoiceID":1,"Grades":{"SC_FgCvDDtImwQX4jP":"5","SC_jp4VSgmlMMgPS0X":"5"},"index":4},{"AnswerID":1,"ChoiceID":2,"Grades":{"SC_wXFmHM0ll9Tbc00":"1","SC_i0zZcByo1R6o1Tw":"1"},"index":5},{"AnswerID":2,"ChoiceID":2,"Grades":{"SC_wXFmHM0ll9Tbc00":"2","SC_i0zZcByo1R6o1Tw":"2"},"index":6},{"AnswerID":3,"ChoiceID":2,"Grades":{"SC_wXFmHM0ll9Tbc00":"3","SC_i0zZcByo1R6o1Tw":"3"},"index":7},{"AnswerID":4,"ChoiceID":2,"Grades":{"SC_wXFmHM0ll9Tbc00":"4","SC_i0zZcByo1R6o1Tw":"4"},"index":8},{"AnswerID":5,"ChoiceID":2,"Grades":{"SC_wXFmHM0ll9Tbc00":"5","SC_i0zZcByo1R6o1Tw":"5"},"index":9},{"AnswerID":1,"ChoiceID":3,"Grades":{"SC_ve7ZkVWe7vL4S7n":"5","SC_WQ4pm6Fuid1jjdS":"5"},"index":10},{"AnswerID":2,"ChoiceID":3,"Grades":{"SC_ve7ZkVWe7vL4S7n":"4","SC_WQ4pm6Fuid1jjdS":"4"},"index":11},{"AnswerID":3,"ChoiceID":3,"Grades":{"SC_ve7ZkVWe7vL4S7n":"3","SC_WQ4pm6Fuid1jjdS":"3"},"index":12},{"AnswerID":4,"ChoiceID":3,"Grades":{"SC_ve7ZkVWe7vL4S7n":"2","SC_WQ4pm6Fuid1jjdS":"2"},"index":13},{"AnswerID":5,"ChoiceID":3,"Grades":{"SC_ve7ZkVWe7vL4S7n":"1","SC_WQ4pm6Fuid1jjdS":"1"},"index":14},{"AnswerID":1,"ChoiceID":4,"Grades":{"SC_Q6QyHf0rSA4nbGb":"5","SC_d0FfGN4FvEIuFCh":"5"},"index":15},{"AnswerID":2,"ChoiceID":4,"Grades":{"SC_Q6QyHf0rSA4nbGb":"4","SC_d0FfGN4FvEIuFCh":"4"},"index":16},{"AnswerID":3,"ChoiceID":4,"Grades":{"SC_Q6QyHf0rSA4nbGb":"3","SC_d0FfGN4FvEIuFCh":"3"},"index":17},{"AnswerID":4,"ChoiceID":4,"Grades":{"SC_Q6QyHf0rSA4nbGb":"2","SC_d0FfGN4FvEIuFCh":"2"},"index":18},{"AnswerID":5,"ChoiceID":4,"Grades":{"SC_Q6QyHf0rSA4nbGb":"1","SC_d0FfGN4FvEIuFCh":"1"},"index":19},{"AnswerID":1,"ChoiceID":5,"Grades":{"SC_HsxPZPUp0JA9v5T":"5","SC_TwGj8ND21wlyjAe":"5"},"index":20},{"AnswerID":2,"ChoiceID":5,"Grades":{"SC_HsxPZPUp0JA9v5T":"4","SC_TwGj8ND21wlyjAe":"4"},"index":21},{"AnswerID":3,"ChoiceID":5,"Grades":{"SC_HsxPZPUp0JA9v5T":"3","SC_TwGj8ND21wlyjAe":"3"},"index":22},{"AnswerID":4,"ChoiceID":5,"Grades":{"SC_HsxPZPUp0JA9v5T":"2","SC_TwGj8ND21wlyjAe":"2"},"index":23},{"AnswerID":5,"ChoiceID":5,"Grades":{"SC_HsxPZPUp0JA9v5T":"1","SC_TwGj8ND21wlyjAe":"1"},"index":24},{"AnswerID":1,"ChoiceID":6,"Grades":{"SC_FgCvDDtImwQX4jP":"1","SC_AhtFKJ0CjGGpuOU":"1"},"index":25},{"AnswerID":2,"ChoiceID":6,"Grades":{"SC_FgCvDDtImwQX4jP":"2","SC_AhtFKJ0CjGGpuOU":"2"},"index":26},{"AnswerID":3,"ChoiceID":6,"Grades":{"SC_FgCvDDtImwQX4jP":"3","SC_AhtFKJ0CjGGpuOU":"3"},"index":27},{"AnswerID":4,"ChoiceID":6,"Grades":{"SC_FgCvDDtImwQX4jP":"4","SC_AhtFKJ0CjGGpuOU":"4"},"index":28},{"AnswerID":5,"ChoiceID":6,"Grades":{"SC_FgCvDDtImwQX4jP":"5","SC_AhtFKJ0CjGGpuOU":"5"},"index":29},{"AnswerID":1,"ChoiceID":7,"Grades":{"SC_wXFmHM0ll9Tbc00":"1","SC_xlDBs8b2cq51ypQ":"1"},"index":30},{"AnswerID":2,"ChoiceID":7,"Grades":{"SC_wXFmHM0ll9Tbc00":"2","SC_xlDBs8b2cq51ypQ":"2"},"index":31},{"AnswerID":3,"ChoiceID":7,"Grades":{"SC_wXFmHM0ll9Tbc00":"3","SC_xlDBs8b2cq51ypQ":"3"},"index":32},{"AnswerID":4,"ChoiceID":7,"Grades":{"SC_wXFmHM0ll9Tbc00":"4","SC_xlDBs8b2cq51ypQ":"4"},"index":33},{"AnswerID":5,"ChoiceID":7,"Grades":{"SC_wXFmHM0ll9Tbc00":"5","SC_xlDBs8b2cq51ypQ":"5"},"index":34},{"AnswerID":1,"ChoiceID":8,"Grades":{"SC_ve7ZkVWe7vL4S7n":"5","SC_CebMVZ92MZfnHJm":"5"},"index":35},{"AnswerID":2,"ChoiceID":8,"Grades":{"SC_ve7ZkVWe7vL4S7n":"4","SC_CebMVZ92MZfnHJm":"4"},"index":36},{"AnswerID":3,"ChoiceID":8,"Grades":{"SC_ve7ZkVWe7vL4S7n":"3","SC_CebMVZ92MZfnHJm":"3"},"index":37},{"AnswerID":4,"ChoiceID":8,"Grades":{"SC_ve7ZkVWe7vL4S7n":"2","SC_CebMVZ92MZfnHJm":"2"},"index":38},{"AnswerID":5,"ChoiceID":8,"Grades":{"SC_ve7ZkVWe7vL4S7n":"1","SC_CebMVZ92MZfnHJm":"1"},"index":39},{"AnswerID":1,"ChoiceID":9,"Grades":{"SC_Q6QyHf0rSA4nbGb":"5","SC_Gj4oap6Q068p9UH":"5"},"index":40},{"AnswerID":2,"ChoiceID":9,"Grades":{"SC_Q6QyHf0rSA4nbGb":"4","SC_Gj4oap6Q068p9UH":"4"},"index":41},{"AnswerID":3,"ChoiceID":9,"Grades":{"SC_Q6QyHf0rSA4nbGb":"3","SC_Gj4oap6Q068p9UH":"3"},"index":42},{"AnswerID":4,"ChoiceID":9,"Grades":{"SC_Q6QyHf0rSA4nbGb":"2","SC_Gj4oap6Q068p9UH":"2"},"index":43},{"AnswerID":5,"ChoiceID":9,"Grades":{"SC_Q6QyHf0rSA4nbGb":"1","SC_Gj4oap6Q068p9UH":"1"},"index":44},{"AnswerID":1,"ChoiceID":10,"Grades":{"SC_HsxPZPUp0JA9v5T":"1","SC_pBRXsJSDRFSgYTv":"1"},"index":45},{"AnswerID":2,"ChoiceID":10,"Grades":{"SC_HsxPZPUp0JA9v5T":"2","SC_pBRXsJSDRFSgYTv":"2"},"index":46},{"AnswerID":3,"ChoiceID":10,"Grades":{"SC_HsxPZPUp0JA9v5T":"3","SC_pBRXsJSDRFSgYTv":"3"},"index":47},{"AnswerID":4,"ChoiceID":10,"Grades":{"SC_HsxPZPUp0JA9v5T":"4","SC_pBRXsJSDRFSgYTv":"4"},"index":48},{"AnswerID":5,"ChoiceID":10,"Grades":{"SC_HsxPZPUp0JA9v5T":"5","SC_pBRXsJSDRFSgYTv":"5"},"index":49},{"AnswerID":1,"ChoiceID":11,"Grades":{"SC_FgCvDDtImwQX4jP":"5","SC_uxD4ylPuvVO4fkN":"5"},"index":50},{"AnswerID":2,"ChoiceID":11,"Grades":{"SC_FgCvDDtImwQX4jP":"4","SC_uxD4ylPuvVO4fkN":"4"},"index":51},{"AnswerID":3,"ChoiceID":11,"Grades":{"SC_FgCvDDtImwQX4jP":"3","SC_uxD4ylPuvVO4fkN":"3"},"index":52},{"AnswerID":4,"ChoiceID":11,"Grades":{"SC_FgCvDDtImwQX4jP":"2","SC_uxD4ylPuvVO4fkN":"2"},"index":53},{"AnswerID":5,"ChoiceID":11,"Grades":{"SC_FgCvDDtImwQX4jP":"1","SC_uxD4ylPuvVO4fkN":"1"},"index":54},{"AnswerID":1,"ChoiceID":12,"Grades":{"SC_wXFmHM0ll9Tbc00":"5","SC_G48WiZEV1swLQ3c":"5"},"index":55},{"AnswerID":2,"ChoiceID":12,"Grades":{"SC_wXFmHM0ll9Tbc00":"4","SC_G48WiZEV1swLQ3c":"4"},"index":56},{"AnswerID":3,"ChoiceID":12,"Grades":{"SC_wXFmHM0ll9Tbc00":"3","SC_G48WiZEV1swLQ3c":"3"},"index":57},{"AnswerID":4,"ChoiceID":12,"Grades":{"SC_wXFmHM0ll9Tbc00":"2","SC_G48WiZEV1swLQ3c":"2"},"index":58},{"AnswerID":5,"ChoiceID":12,"Grades":{"SC_wXFmHM0ll9Tbc00":"1","SC_G48WiZEV1swLQ3c":"1"},"index":59},{"AnswerID":1,"ChoiceID":13,"Grades":{"SC_ve7ZkVWe7vL4S7n":"1","SC_4Ox8mH6gTb4bTpX":"1"},"index":60},{"AnswerID":2,"ChoiceID":13,"Grades":{"SC_ve7ZkVWe7vL4S7n":"2","SC_4Ox8mH6gTb4bTpX":"2"},"index":61},{"AnswerID":3,"ChoiceID":13,"Grades":{"SC_ve7ZkVWe7vL4S7n":"3","SC_4Ox8mH6gTb4bTpX":"3"},"index":62},{"AnswerID":4,"ChoiceID":13,"Grades":{"SC_ve7ZkVWe7vL4S7n":"4","SC_4Ox8mH6gTb4bTpX":"4"},"index":63},{"AnswerID":5,"ChoiceID":13,"Grades":{"SC_ve7ZkVWe7vL4S7n":"5","SC_4Ox8mH6gTb4bTpX":"5"},"index":64},{"AnswerID":1,"ChoiceID":14,"Grades":{"SC_Q6QyHf0rSA4nbGb":"1","SC_0iZMDTpucFVZ4Ar":"1"},"index":65},{"AnswerID":2,"ChoiceID":14,"Grades":{"SC_Q6QyHf0rSA4nbGb":"2","SC_0iZMDTpucFVZ4Ar":"2"},"index":66},{"AnswerID":3,"ChoiceID":14,"Grades":{"SC_Q6QyHf0rSA4nbGb":"3","SC_0iZMDTpucFVZ4Ar":"3"},"index":67},{"AnswerID":4,"ChoiceID":14,"Grades":{"SC_Q6QyHf0rSA4nbGb":"4","SC_0iZMDTpucFVZ4Ar":"4"},"index":68},{"AnswerID":5,"ChoiceID":14,"Grades":{"SC_Q6QyHf0rSA4nbGb":"5","SC_0iZMDTpucFVZ4Ar":"5"},"index":69},{"AnswerID":1,"ChoiceID":15,"Grades":{"SC_HsxPZPUp0JA9v5T":"1","SC_oFlIrMtsvjVhlNw":"1"},"index":70},{"AnswerID":2,"ChoiceID":15,"Grades":{"SC_HsxPZPUp0JA9v5T":"2","SC_oFlIrMtsvjVhlNw":"2"},"index":71},{"AnswerID":3,"ChoiceID":15,"Grades":{"SC_HsxPZPUp0JA9v5T":"3","SC_oFlIrMtsvjVhlNw":"3"},"index":72},{"AnswerID":4,"ChoiceID":15,"Grades":{"SC_HsxPZPUp0JA9v5T":"4","SC_oFlIrMtsvjVhlNw":"4"},"index":73},{"AnswerID":5,"ChoiceID":15,"Grades":{"SC_HsxPZPUp0JA9v5T":"5","SC_oFlIrMtsvjVhlNw":"5"},"index":74},{"AnswerID":1,"ChoiceID":16,"Grades":{"SC_FgCvDDtImwQX4jP":"5","SC_jp4VSgmlMMgPS0X":"5"},"index":75},{"AnswerID":2,"ChoiceID":16,"Grades":{"SC_FgCvDDtImwQX4jP":"4","SC_jp4VSgmlMMgPS0X":"4"},"index":76},{"AnswerID":3,"ChoiceID":16,"Grades":{"SC_FgCvDDtImwQX4jP":"3","SC_jp4VSgmlMMgPS0X":"3"},"index":77},{"AnswerID":4,"ChoiceID":16,"Grades":{"SC_FgCvDDtImwQX4jP":"2","SC_jp4VSgmlMMgPS0X":"2"},"index":78},{"AnswerID":5,"ChoiceID":16,"Grades":{"SC_FgCvDDtImwQX4jP":"1","SC_jp4VSgmlMMgPS0X":"1"},"index":79},{"AnswerID":1,"ChoiceID":17,"Grades":{"SC_wXFmHM0ll9Tbc00":"5","SC_i0zZcByo1R6o1Tw":"5"},"index":80},{"AnswerID":2,"ChoiceID":17,"Grades":{"SC_wXFmHM0ll9Tbc00":"4","SC_i0zZcByo1R6o1Tw":"4"},"index":81},{"AnswerID":3,"ChoiceID":17,"Grades":{"SC_wXFmHM0ll9Tbc00":"3","SC_i0zZcByo1R6o1Tw":"3"},"index":82},{"AnswerID":4,"ChoiceID":17,"Grades":{"SC_wXFmHM0ll9Tbc00":"2","SC_i0zZcByo1R6o1Tw":"2"},"index":83},{"AnswerID":5,"ChoiceID":17,"Grades":{"SC_wXFmHM0ll9Tbc00":"1","SC_i0zZcByo1R6o1Tw":"1"},"index":84},{"AnswerID":1,"ChoiceID":18,"Grades":{"SC_ve7ZkVWe7vL4S7n":"1","SC_WQ4pm6Fuid1jjdS":"1"},"index":85},{"AnswerID":2,"ChoiceID":18,"Grades":{"SC_ve7ZkVWe7vL4S7n":"2","SC_WQ4pm6Fuid1jjdS":"2"},"index":86},{"AnswerID":3,"ChoiceID":18,"Grades":{"SC_ve7ZkVWe7vL4S7n":"3","SC_WQ4pm6Fuid1jjdS":"3"},"index":87},{"AnswerID":4,"ChoiceID":18,"Grades":{"SC_ve7ZkVWe7vL4S7n":"4","SC_WQ4pm6Fuid1jjdS":"4"},"index":88},{"AnswerID":5,"ChoiceID":18,"Grades":{"SC_ve7ZkVWe7vL4S7n":"5","SC_WQ4pm6Fuid1jjdS":"5"},"index":89},{"AnswerID":1,"ChoiceID":19,"Grades":{"SC_Q6QyHf0rSA4nbGb":"1","SC_d0FfGN4FvEIuFCh":"1"},"index":90},{"AnswerID":2,"ChoiceID":19,"Grades":{"SC_Q6QyHf0rSA4nbGb":"2","SC_d0FfGN4FvEIuFCh":"2"},"index":91},{"AnswerID":3,"ChoiceID":19,"Grades":{"SC_Q6QyHf0rSA4nbGb":"3","SC_d0FfGN4FvEIuFCh":"3"},"index":92},{"AnswerID":4,"ChoiceID":19,"Grades":{"SC_Q6QyHf0rSA4nbGb":"4","SC_d0FfGN4FvEIuFCh":"4"},"index":93},{"AnswerID":5,"ChoiceID":19,"Grades":{"SC_Q6QyHf0rSA4nbGb":"5","SC_d0FfGN4FvEIuFCh":"5"},"index":94},{"AnswerID":1,"ChoiceID":20,"Grades":{"SC_HsxPZPUp0JA9v5T":"1","SC_TwGj8ND21wlyjAe":"1"},"index":95},{"AnswerID":2,"ChoiceID":20,"Grades":{"SC_HsxPZPUp0JA9v5T":"2","SC_TwGj8ND21wlyjAe":"2"},"index":96},{"AnswerID":3,"ChoiceID":20,"Grades":{"SC_HsxPZPUp0JA9v5T":"3","SC_TwGj8ND21wlyjAe":"3"},"index":97},{"AnswerID":4,"ChoiceID":20,"Grades":{"SC_HsxPZPUp0JA9v5T":"4","SC_TwGj8ND21wlyjAe":"4"},"index":98},{"AnswerID":5,"ChoiceID":20,"Grades":{"SC_HsxPZPUp0JA9v5T":"5","SC_TwGj8ND21wlyjAe":"5"},"index":99},{"AnswerID":1,"ChoiceID":21,"Grades":{"SC_FgCvDDtImwQX4jP":"1","SC_AhtFKJ0CjGGpuOU":"1"},"index":100},{"AnswerID":2,"ChoiceID":21,"Grades":{"SC_FgCvDDtImwQX4jP":"2","SC_AhtFKJ0CjGGpuOU":"2"},"index":101},{"AnswerID":3,"ChoiceID":21,"Grades":{"SC_FgCvDDtImwQX4jP":"3","SC_AhtFKJ0CjGGpuOU":"3"},"index":102},{"AnswerID":4,"ChoiceID":21,"Grades":{"SC_FgCvDDtImwQX4jP":"4","SC_AhtFKJ0CjGGpuOU":"4"},"index":103},{"AnswerID":5,"ChoiceID":21,"Grades":{"SC_FgCvDDtImwQX4jP":"5","SC_AhtFKJ0CjGGpuOU":"5"},"index":104},{"AnswerID":1,"ChoiceID":22,"Grades":{"SC_wXFmHM0ll9Tbc00":"5","SC_xlDBs8b2cq51ypQ":"5"},"index":105},{"AnswerID":2,"ChoiceID":22,"Grades":{"SC_wXFmHM0ll9Tbc00":"4","SC_xlDBs8b2cq51ypQ":"4"},"index":106},{"AnswerID":3,"ChoiceID":22,"Grades":{"SC_wXFmHM0ll9Tbc00":"3","SC_xlDBs8b2cq51ypQ":"3"},"index":107},{"AnswerID":4,"ChoiceID":22,"Grades":{"SC_wXFmHM0ll9Tbc00":"2","SC_xlDBs8b2cq51ypQ":"2"},"index":108},{"AnswerID":5,"ChoiceID":22,"Grades":{"SC_wXFmHM0ll9Tbc00":"1","SC_xlDBs8b2cq51ypQ":"1"},"index":109},{"AnswerID":1,"ChoiceID":23,"Grades":{"SC_ve7ZkVWe7vL4S7n":"5","SC_CebMVZ92MZfnHJm":"5"},"index":110},{"AnswerID":2,"ChoiceID":23,"Grades":{"SC_ve7ZkVWe7vL4S7n":"4","SC_CebMVZ92MZfnHJm":"4"},"index":111},{"AnswerID":3,"ChoiceID":23,"Grades":{"SC_ve7ZkVWe7vL4S7n":"3","SC_CebMVZ92MZfnHJm":"3"},"index":112},{"AnswerID":4,"ChoiceID":23,"Grades":{"SC_ve7ZkVWe7vL4S7n":"2","SC_CebMVZ92MZfnHJm":"2"},"index":113},{"AnswerID":5,"ChoiceID":23,"Grades":{"SC_ve7ZkVWe7vL4S7n":"1","SC_CebMVZ92MZfnHJm":"1"},"index":114},{"AnswerID":1,"ChoiceID":24,"Grades":{"SC_Q6QyHf0rSA4nbGb":"5","SC_Gj4oap6Q068p9UH":"5"},"index":115},{"AnswerID":2,"ChoiceID":24,"Grades":{"SC_Q6QyHf0rSA4nbGb":"4","SC_Gj4oap6Q068p9UH":"4"},"index":116},{"AnswerID":3,"ChoiceID":24,"Grades":{"SC_Q6QyHf0rSA4nbGb":"3","SC_Gj4oap6Q068p9UH":"3"},"index":117},{"AnswerID":4,"ChoiceID":24,"Grades":{"SC_Q6QyHf0rSA4nbGb":"2","SC_Gj4oap6Q068p9UH":"2"},"index":118},{"AnswerID":5,"ChoiceID":24,"Grades":{"SC_Q6QyHf0rSA4nbGb":"1","SC_Gj4oap6Q068p9UH":"1"},"index":119},{"AnswerID":1,"ChoiceID":25,"Grades":{"SC_HsxPZPUp0JA9v5T":"5","SC_pBRXsJSDRFSgYTv":"5"},"index":120},{"AnswerID":2,"ChoiceID":25,"Grades":{"SC_HsxPZPUp0JA9v5T":"4","SC_pBRXsJSDRFSgYTv":"4"},"index":121},{"AnswerID":3,"ChoiceID":25,"Grades":{"SC_HsxPZPUp0JA9v5T":"3","SC_pBRXsJSDRFSgYTv":"3"},"index":122},{"AnswerID":4,"ChoiceID":25,"Grades":{"SC_HsxPZPUp0JA9v5T":"2","SC_pBRXsJSDRFSgYTv":"2"},"index":123},{"AnswerID":5,"ChoiceID":25,"Grades":{"SC_HsxPZPUp0JA9v5T":"1","SC_pBRXsJSDRFSgYTv":"1"},"index":124},{"AnswerID":1,"ChoiceID":26,"Grades":{"SC_FgCvDDtImwQX4jP":"5","SC_uxD4ylPuvVO4fkN":"5"},"index":125},{"AnswerID":2,"ChoiceID":26,"Grades":{"SC_FgCvDDtImwQX4jP":"4","SC_uxD4ylPuvVO4fkN":"4"},"index":126},{"AnswerID":3,"ChoiceID":26,"Grades":{"SC_FgCvDDtImwQX4jP":"3","SC_uxD4ylPuvVO4fkN":"3"},"index":127},{"AnswerID":4,"ChoiceID":26,"Grades":{"SC_FgCvDDtImwQX4jP":"2","SC_uxD4ylPuvVO4fkN":"2"},"index":128},{"AnswerID":5,"ChoiceID":26,"Grades":{"SC_FgCvDDtImwQX4jP":"1","SC_uxD4ylPuvVO4fkN":"1"},"index":129},{"AnswerID":1,"ChoiceID":27,"Grades":{"SC_wXFmHM0ll9Tbc00":"1","SC_G48WiZEV1swLQ3c":"1"},"index":130},{"AnswerID":2,"ChoiceID":27,"Grades":{"SC_wXFmHM0ll9Tbc00":"2","SC_G48WiZEV1swLQ3c":"2"},"index":131},{"AnswerID":3,"ChoiceID":27,"Grades":{"SC_wXFmHM0ll9Tbc00":"3","SC_G48WiZEV1swLQ3c":"3"},"index":132},{"AnswerID":4,"ChoiceID":27,"Grades":{"SC_wXFmHM0ll9Tbc00":"4","SC_G48WiZEV1swLQ3c":"4"},"index":133},{"AnswerID":5,"ChoiceID":27,"Grades":{"SC_wXFmHM0ll9Tbc00":"5","SC_G48WiZEV1swLQ3c":"5"},"index":134},{"AnswerID":1,"ChoiceID":28,"Grades":{"SC_ve7ZkVWe7vL4S7n":"5","SC_4Ox8mH6gTb4bTpX":"5"},"index":135},{"AnswerID":2,"ChoiceID":28,"Grades":{"SC_ve7ZkVWe7vL4S7n":"4","SC_4Ox8mH6gTb4bTpX":"4"},"index":136},{"AnswerID":3,"ChoiceID":28,"Grades":{"SC_ve7ZkVWe7vL4S7n":"3","SC_4Ox8mH6gTb4bTpX":"3"},"index":137},{"AnswerID":4,"ChoiceID":28,"Grades":{"SC_ve7ZkVWe7vL4S7n":"2","SC_4Ox8mH6gTb4bTpX":"2"},"index":138},{"AnswerID":5,"ChoiceID":28,"Grades":{"SC_ve7ZkVWe7vL4S7n":"1","SC_4Ox8mH6gTb4bTpX":"1"},"index":139},{"AnswerID":1,"ChoiceID":29,"Grades":{"SC_Q6QyHf0rSA4nbGb":"5","SC_0iZMDTpucFVZ4Ar":"5"},"index":140},{"AnswerID":2,"ChoiceID":29,"Grades":{"SC_Q6QyHf0rSA4nbGb":"4","SC_0iZMDTpucFVZ4Ar":"4"},"index":141},{"AnswerID":3,"ChoiceID":29,"Grades":{"SC_Q6QyHf0rSA4nbGb":"3","SC_0iZMDTpucFVZ4Ar":"3"},"index":142},{"AnswerID":4,"ChoiceID":29,"Grades":{"SC_Q6QyHf0rSA4nbGb":"2","SC_0iZMDTpucFVZ4Ar":"2"},"index":143},{"AnswerID":5,"ChoiceID":29,"Grades":{"SC_Q6QyHf0rSA4nbGb":"1","SC_0iZMDTpucFVZ4Ar":"1"},"index":144},{"AnswerID":1,"ChoiceID":30,"Grades":{"SC_HsxPZPUp0JA9v5T":"5","SC_oFlIrMtsvjVhlNw":"5"},"index":145},{"AnswerID":2,"ChoiceID":30,"Grades":{"SC_HsxPZPUp0JA9v5T":"4","SC_oFlIrMtsvjVhlNw":"4"},"index":146},{"AnswerID":3,"ChoiceID":30,"Grades":{"SC_HsxPZPUp0JA9v5T":"3","SC_oFlIrMtsvjVhlNw":"3"},"index":147},{"AnswerID":4,"ChoiceID":30,"Grades":{"SC_HsxPZPUp0JA9v5T":"2","SC_oFlIrMtsvjVhlNw":"2"},"index":148},{"AnswerID":5,"ChoiceID":30,"Grades":{"SC_HsxPZPUp0JA9v5T":"1","SC_oFlIrMtsvjVhlNw":"1"},"index":149},{"AnswerID":1,"ChoiceID":31,"Grades":{"SC_FgCvDDtImwQX4jP":"5","SC_jp4VSgmlMMgPS0X":"5"},"index":150},{"AnswerID":2,"ChoiceID":31,"Grades":{"SC_FgCvDDtImwQX4jP":"4","SC_jp4VSgmlMMgPS0X":"4"},"index":151},{"AnswerID":3,"ChoiceID":31,"Grades":{"SC_FgCvDDtImwQX4jP":"3","SC_jp4VSgmlMMgPS0X":"3"},"index":152},{"AnswerID":4,"ChoiceID":31,"Grades":{"SC_FgCvDDtImwQX4jP":"2","SC_jp4VSgmlMMgPS0X":"2"},"index":153},{"AnswerID":5,"ChoiceID":31,"Grades":{"SC_FgCvDDtImwQX4jP":"1","SC_jp4VSgmlMMgPS0X":"1"},"index":154},{"AnswerID":1,"ChoiceID":32,"Grades":{"SC_wXFmHM0ll9Tbc00":"1","SC_i0zZcByo1R6o1Tw":"1"},"index":155},{"AnswerID":2,"ChoiceID":32,"Grades":{"SC_wXFmHM0ll9Tbc00":"2","SC_i0zZcByo1R6o1Tw":"2"},"index":156},{"AnswerID":3,"ChoiceID":32,"Grades":{"SC_wXFmHM0ll9Tbc00":"3","SC_i0zZcByo1R6o1Tw":"3"},"index":157},{"AnswerID":4,"ChoiceID":32,"Grades":{"SC_wXFmHM0ll9Tbc00":"4","SC_i0zZcByo1R6o1Tw":"4"},"index":158},{"AnswerID":5,"ChoiceID":32,"Grades":{"SC_wXFmHM0ll9Tbc00":"5","SC_i0zZcByo1R6o1Tw":"5"},"index":159},{"AnswerID":1,"ChoiceID":33,"Grades":{"SC_ve7ZkVWe7vL4S7n":"1","SC_WQ4pm6Fuid1jjdS":"1"},"index":160},{"AnswerID":2,"ChoiceID":33,"Grades":{"SC_ve7ZkVWe7vL4S7n":"2","SC_WQ4pm6Fuid1jjdS":"2"},"index":161},{"AnswerID":3,"ChoiceID":33,"Grades":{"SC_ve7ZkVWe7vL4S7n":"3","SC_WQ4pm6Fuid1jjdS":"3"},"index":162},{"AnswerID":4,"ChoiceID":33,"Grades":{"SC_ve7ZkVWe7vL4S7n":"4","SC_WQ4pm6Fuid1jjdS":"4"},"index":163},{"AnswerID":5,"ChoiceID":33,"Grades":{"SC_ve7ZkVWe7vL4S7n":"5","SC_WQ4pm6Fuid1jjdS":"5"},"index":164},{"AnswerID":1,"ChoiceID":34,"Grades":{"SC_Q6QyHf0rSA4nbGb":"1","SC_d0FfGN4FvEIuFCh":"1"},"index":165},{"AnswerID":2,"ChoiceID":34,"Grades":{"SC_Q6QyHf0rSA4nbGb":"2","SC_d0FfGN4FvEIuFCh":"2"},"index":166},{"AnswerID":3,"ChoiceID":34,"Grades":{"SC_Q6QyHf0rSA4nbGb":"3","SC_d0FfGN4FvEIuFCh":"3"},"index":167},{"AnswerID":4,"ChoiceID":34,"Grades":{"SC_Q6QyHf0rSA4nbGb":"4","SC_d0FfGN4FvEIuFCh":"4"},"index":168},{"AnswerID":5,"ChoiceID":34,"Grades":{"SC_Q6QyHf0rSA4nbGb":"5","SC_d0FfGN4FvEIuFCh":"5"},"index":169},{"AnswerID":1,"ChoiceID":35,"Grades":{"SC_HsxPZPUp0JA9v5T":"1","SC_TwGj8ND21wlyjAe":"1"},"index":170},{"AnswerID":2,"ChoiceID":35,"Grades":{"SC_HsxPZPUp0JA9v5T":"2","SC_TwGj8ND21wlyjAe":"2"},"index":171},{"AnswerID":3,"ChoiceID":35,"Grades":{"SC_HsxPZPUp0JA9v5T":"3","SC_TwGj8ND21wlyjAe":"3"},"index":172},{"AnswerID":4,"ChoiceID":35,"Grades":{"SC_HsxPZPUp0JA9v5T":"4","SC_TwGj8ND21wlyjAe":"4"},"index":173},{"AnswerID":5,"ChoiceID":35,"Grades":{"SC_HsxPZPUp0JA9v5T":"5","SC_TwGj8ND21wlyjAe":"5"},"index":174},{"AnswerID":1,"ChoiceID":36,"Grades":{"SC_FgCvDDtImwQX4jP":"5","SC_AhtFKJ0CjGGpuOU":"5"},"index":175},{"AnswerID":2,"ChoiceID":36,"Grades":{"SC_FgCvDDtImwQX4jP":"4","SC_AhtFKJ0CjGGpuOU":"4"},"index":176},{"AnswerID":3,"ChoiceID":36,"Grades":{"SC_FgCvDDtImwQX4jP":"3","SC_AhtFKJ0CjGGpuOU":"3"},"index":177},{"AnswerID":4,"ChoiceID":36,"Grades":{"SC_FgCvDDtImwQX4jP":"2","SC_AhtFKJ0CjGGpuOU":"2"},"index":178},{"AnswerID":5,"ChoiceID":36,"Grades":{"SC_FgCvDDtImwQX4jP":"1","SC_AhtFKJ0CjGGpuOU":"1"},"index":179},{"AnswerID":1,"ChoiceID":37,"Grades":{"SC_wXFmHM0ll9Tbc00":"5","SC_xlDBs8b2cq51ypQ":"5"},"index":180},{"AnswerID":2,"ChoiceID":37,"Grades":{"SC_wXFmHM0ll9Tbc00":"4","SC_xlDBs8b2cq51ypQ":"4"},"index":181},{"AnswerID":3,"ChoiceID":37,"Grades":{"SC_wXFmHM0ll9Tbc00":"3","SC_xlDBs8b2cq51ypQ":"3"},"index":182},{"AnswerID":4,"ChoiceID":37,"Grades":{"SC_wXFmHM0ll9Tbc00":"2","SC_xlDBs8b2cq51ypQ":"2"},"index":183},{"AnswerID":5,"ChoiceID":37,"Grades":{"SC_wXFmHM0ll9Tbc00":"1","SC_xlDBs8b2cq51ypQ":"1"},"index":184},{"AnswerID":1,"ChoiceID":38,"Grades":{"SC_ve7ZkVWe7vL4S7n":"1","SC_CebMVZ92MZfnHJm":"1"},"index":185},{"AnswerID":2,"ChoiceID":38,"Grades":{"SC_ve7ZkVWe7vL4S7n":"2","SC_CebMVZ92MZfnHJm":"2"},"index":186},{"AnswerID":3,"ChoiceID":38,"Grades":{"SC_ve7ZkVWe7vL4S7n":"3","SC_CebMVZ92MZfnHJm":"3"},"index":187},{"AnswerID":4,"ChoiceID":38,"Grades":{"SC_ve7ZkVWe7vL4S7n":"4","SC_CebMVZ92MZfnHJm":"4"},"index":188},{"AnswerID":5,"ChoiceID":38,"Grades":{"SC_ve7ZkVWe7vL4S7n":"5","SC_CebMVZ92MZfnHJm":"5"},"index":189},{"AnswerID":1,"ChoiceID":39,"Grades":{"SC_Q6QyHf0rSA4nbGb":"1","SC_Gj4oap6Q068p9UH":"1"},"index":190},{"AnswerID":2,"ChoiceID":39,"Grades":{"SC_Q6QyHf0rSA4nbGb":"2","SC_Gj4oap6Q068p9UH":"2"},"index":191},{"AnswerID":3,"ChoiceID":39,"Grades":{"SC_Q6QyHf0rSA4nbGb":"3","SC_Gj4oap6Q068p9UH":"3"},"index":192},{"AnswerID":4,"ChoiceID":39,"Grades":{"SC_Q6QyHf0rSA4nbGb":"4","SC_Gj4oap6Q068p9UH":"4"},"index":193},{"AnswerID":5,"ChoiceID":39,"Grades":{"SC_Q6QyHf0rSA4nbGb":"5","SC_Gj4oap6Q068p9UH":"5"},"index":194},{"AnswerID":1,"ChoiceID":40,"Grades":{"SC_HsxPZPUp0JA9v5T":"1","SC_pBRXsJSDRFSgYTv":"1"},"index":195},{"AnswerID":2,"ChoiceID":40,"Grades":{"SC_HsxPZPUp0JA9v5T":"2","SC_pBRXsJSDRFSgYTv":"2"},"index":196},{"AnswerID":3,"ChoiceID":40,"Grades":{"SC_HsxPZPUp0JA9v5T":"3","SC_pBRXsJSDRFSgYTv":"3"},"index":197},{"AnswerID":4,"ChoiceID":40,"Grades":{"SC_HsxPZPUp0JA9v5T":"4","SC_pBRXsJSDRFSgYTv":"4"},"index":198},{"AnswerID":5,"ChoiceID":40,"Grades":{"SC_HsxPZPUp0JA9v5T":"5","SC_pBRXsJSDRFSgYTv":"5"},"index":199},{"AnswerID":1,"ChoiceID":41,"Grades":{"SC_FgCvDDtImwQX4jP":"1","SC_uxD4ylPuvVO4fkN":"1"},"index":200},{"AnswerID":2,"ChoiceID":41,"Grades":{"SC_FgCvDDtImwQX4jP":"2","SC_uxD4ylPuvVO4fkN":"2"},"index":201},{"AnswerID":3,"ChoiceID":41,"Grades":{"SC_FgCvDDtImwQX4jP":"3","SC_uxD4ylPuvVO4fkN":"3"},"index":202},{"AnswerID":4,"ChoiceID":41,"Grades":{"SC_FgCvDDtImwQX4jP":"4","SC_uxD4ylPuvVO4fkN":"4"},"index":203},{"AnswerID":5,"ChoiceID":41,"Grades":{"SC_FgCvDDtImwQX4jP":"5","SC_uxD4ylPuvVO4fkN":"5"},"index":204},{"AnswerID":1,"ChoiceID":42,"Grades":{"SC_wXFmHM0ll9Tbc00":"5","SC_G48WiZEV1swLQ3c":"5"},"index":205},{"AnswerID":2,"ChoiceID":42,"Grades":{"SC_wXFmHM0ll9Tbc00":"4","SC_G48WiZEV1swLQ3c":"4"},"index":206},{"AnswerID":3,"ChoiceID":42,"Grades":{"SC_wXFmHM0ll9Tbc00":"3","SC_G48WiZEV1swLQ3c":"3"},"index":207},{"AnswerID":4,"ChoiceID":42,"Grades":{"SC_wXFmHM0ll9Tbc00":"2","SC_G48WiZEV1swLQ3c":"2"},"index":208},{"AnswerID":5,"ChoiceID":42,"Grades":{"SC_wXFmHM0ll9Tbc00":"1","SC_G48WiZEV1swLQ3c":"1"},"index":209},{"AnswerID":1,"ChoiceID":43,"Grades":{"SC_ve7ZkVWe7vL4S7n":"1","SC_4Ox8mH6gTb4bTpX":"1"},"index":210},{"AnswerID":2,"ChoiceID":43,"Grades":{"SC_ve7ZkVWe7vL4S7n":"2","SC_4Ox8mH6gTb4bTpX":"2"},"index":211},{"AnswerID":3,"ChoiceID":43,"Grades":{"SC_ve7ZkVWe7vL4S7n":"3","SC_4Ox8mH6gTb4bTpX":"3"},"index":212},{"AnswerID":4,"ChoiceID":43,"Grades":{"SC_ve7ZkVWe7vL4S7n":"4","SC_4Ox8mH6gTb4bTpX":"4"},"index":213},{"AnswerID":5,"ChoiceID":43,"Grades":{"SC_ve7ZkVWe7vL4S7n":"5","SC_4Ox8mH6gTb4bTpX":"5"},"index":214},{"AnswerID":1,"ChoiceID":44,"Grades":{"SC_Q6QyHf0rSA4nbGb":"5","SC_0iZMDTpucFVZ4Ar":"5"},"index":215},{"AnswerID":2,"ChoiceID":44,"Grades":{"SC_Q6QyHf0rSA4nbGb":"4","SC_0iZMDTpucFVZ4Ar":"4"},"index":216},{"AnswerID":3,"ChoiceID":44,"Grades":{"SC_Q6QyHf0rSA4nbGb":"3","SC_0iZMDTpucFVZ4Ar":"3"},"index":217},{"AnswerID":4,"ChoiceID":44,"Grades":{"SC_Q6QyHf0rSA4nbGb":"2","SC_0iZMDTpucFVZ4Ar":"2"},"index":218},{"AnswerID":5,"ChoiceID":44,"Grades":{"SC_Q6QyHf0rSA4nbGb":"1","SC_0iZMDTpucFVZ4Ar":"1"},"index":219},{"AnswerID":1,"ChoiceID":45,"Grades":{"SC_HsxPZPUp0JA9v5T":"5","SC_oFlIrMtsvjVhlNw":"5"},"index":220},{"AnswerID":2,"ChoiceID":45,"Grades":{"SC_HsxPZPUp0JA9v5T":"4","SC_oFlIrMtsvjVhlNw":"4"},"index":221},{"AnswerID":3,"ChoiceID":45,"Grades":{"SC_HsxPZPUp0JA9v5T":"3","SC_oFlIrMtsvjVhlNw":"3"},"index":222},{"AnswerID":4,"ChoiceID":45,"Grades":{"SC_HsxPZPUp0JA9v5T":"2","SC_oFlIrMtsvjVhlNw":"2"},"index":223},{"AnswerID":5,"ChoiceID":45,"Grades":{"SC_HsxPZPUp0JA9v5T":"1","SC_oFlIrMtsvjVhlNw":"1"},"index":224},{"AnswerID":1,"ChoiceID":46,"Grades":{"SC_FgCvDDtImwQX4jP":"1","SC_jp4VSgmlMMgPS0X":"1"},"index":225},{"AnswerID":2,"ChoiceID":46,"Grades":{"SC_FgCvDDtImwQX4jP":"2","SC_jp4VSgmlMMgPS0X":"2"},"index":226},{"AnswerID":3,"ChoiceID":46,"Grades":{"SC_FgCvDDtImwQX4jP":"3","SC_jp4VSgmlMMgPS0X":"3"},"index":227},{"AnswerID":4,"ChoiceID":46,"Grades":{"SC_FgCvDDtImwQX4jP":"4","SC_jp4VSgmlMMgPS0X":"4"},"index":228},{"AnswerID":5,"ChoiceID":46,"Grades":{"SC_FgCvDDtImwQX4jP":"5","SC_jp4VSgmlMMgPS0X":"5"},"index":229},{"AnswerID":1,"ChoiceID":47,"Grades":{"SC_wXFmHM0ll9Tbc00":"5","SC_i0zZcByo1R6o1Tw":"5"},"index":230},{"AnswerID":2,"ChoiceID":47,"Grades":{"SC_wXFmHM0ll9Tbc00":"4","SC_i0zZcByo1R6o1Tw":"4"},"index":231},{"AnswerID":3,"ChoiceID":47,"Grades":{"SC_wXFmHM0ll9Tbc00":"3","SC_i0zZcByo1R6o1Tw":"3"},"index":232},{"AnswerID":4,"ChoiceID":47,"Grades":{"SC_wXFmHM0ll9Tbc00":"2","SC_i0zZcByo1R6o1Tw":"2"},"index":233},{"AnswerID":5,"ChoiceID":47,"Grades":{"SC_wXFmHM0ll9Tbc00":"1","SC_i0zZcByo1R6o1Tw":"1"},"index":234},{"AnswerID":1,"ChoiceID":48,"Grades":{"SC_ve7ZkVWe7vL4S7n":"5","SC_WQ4pm6Fuid1jjdS":"5"},"index":235},{"AnswerID":2,"ChoiceID":48,"Grades":{"SC_ve7ZkVWe7vL4S7n":"4","SC_WQ4pm6Fuid1jjdS":"4"},"index":236},{"AnswerID":3,"ChoiceID":48,"Grades":{"SC_ve7ZkVWe7vL4S7n":"3","SC_WQ4pm6Fuid1jjdS":"3"},"index":237},{"AnswerID":4,"ChoiceID":48,"Grades":{"SC_ve7ZkVWe7vL4S7n":"2","SC_WQ4pm6Fuid1jjdS":"2"},"index":238},{"AnswerID":5,"ChoiceID":48,"Grades":{"SC_ve7ZkVWe7vL4S7n":"1","SC_WQ4pm6Fuid1jjdS":"1"},"index":239},{"AnswerID":1,"ChoiceID":49,"Grades":{"SC_Q6QyHf0rSA4nbGb":"5","SC_d0FfGN4FvEIuFCh":"5"},"index":240},{"AnswerID":2,"ChoiceID":49,"Grades":{"SC_Q6QyHf0rSA4nbGb":"4","SC_d0FfGN4FvEIuFCh":"4"},"index":241},{"AnswerID":3,"ChoiceID":49,"Grades":{"SC_Q6QyHf0rSA4nbGb":"3","SC_d0FfGN4FvEIuFCh":"3"},"index":242},{"AnswerID":4,"ChoiceID":49,"Grades":{"SC_Q6QyHf0rSA4nbGb":"2","SC_d0FfGN4FvEIuFCh":"2"},"index":243},{"AnswerID":5,"ChoiceID":49,"Grades":{"SC_Q6QyHf0rSA4nbGb":"1","SC_d0FfGN4FvEIuFCh":"1"},"index":244},{"AnswerID":1,"ChoiceID":50,"Grades":{"SC_HsxPZPUp0JA9v5T":"5","SC_TwGj8ND21wlyjAe":"5"},"index":245},{"AnswerID":2,"ChoiceID":50,"Grades":{"SC_HsxPZPUp0JA9v5T":"4","SC_TwGj8ND21wlyjAe":"4"},"index":246},{"AnswerID":3,"ChoiceID":50,"Grades":{"SC_HsxPZPUp0JA9v5T":"3","SC_TwGj8ND21wlyjAe":"3"},"index":247},{"AnswerID":4,"ChoiceID":50,"Grades":{"SC_HsxPZPUp0JA9v5T":"2","SC_TwGj8ND21wlyjAe":"2"},"index":248},{"AnswerID":5,"ChoiceID":50,"Grades":{"SC_HsxPZPUp0JA9v5T":"1","SC_TwGj8ND21wlyjAe":"1"},"index":249},{"AnswerID":1,"ChoiceID":51,"Grades":{"SC_FgCvDDtImwQX4jP":"5","SC_AhtFKJ0CjGGpuOU":"5"},"index":250},{"AnswerID":2,"ChoiceID":51,"Grades":{"SC_FgCvDDtImwQX4jP":"4","SC_AhtFKJ0CjGGpuOU":"4"},"index":251},{"AnswerID":3,"ChoiceID":51,"Grades":{"SC_FgCvDDtImwQX4jP":"3","SC_AhtFKJ0CjGGpuOU":"3"},"index":252},{"AnswerID":4,"ChoiceID":51,"Grades":{"SC_FgCvDDtImwQX4jP":"2","SC_AhtFKJ0CjGGpuOU":"2"},"index":253},{"AnswerID":5,"ChoiceID":51,"Grades":{"SC_FgCvDDtImwQX4jP":"1","SC_AhtFKJ0CjGGpuOU":"1"},"index":254},{"AnswerID":1,"ChoiceID":52,"Grades":{"SC_wXFmHM0ll9Tbc00":"1","SC_xlDBs8b2cq51ypQ":"1"},"index":255},{"AnswerID":2,"ChoiceID":52,"Grades":{"SC_wXFmHM0ll9Tbc00":"2","SC_xlDBs8b2cq51ypQ":"2"},"index":256},{"AnswerID":3,"ChoiceID":52,"Grades":{"SC_wXFmHM0ll9Tbc00":"3","SC_xlDBs8b2cq51ypQ":"3"},"index":257},{"AnswerID":4,"ChoiceID":52,"Grades":{"SC_wXFmHM0ll9Tbc00":"4","SC_xlDBs8b2cq51ypQ":"4"},"index":258},{"AnswerID":5,"ChoiceID":52,"Grades":{"SC_wXFmHM0ll9Tbc00":"5","SC_xlDBs8b2cq51ypQ":"5"},"index":259},{"AnswerID":1,"ChoiceID":53,"Grades":{"SC_ve7ZkVWe7vL4S7n":"1","SC_CebMVZ92MZfnHJm":"1"},"index":260},{"AnswerID":2,"ChoiceID":53,"Grades":{"SC_ve7ZkVWe7vL4S7n":"2","SC_CebMVZ92MZfnHJm":"2"},"index":261},{"AnswerID":3,"ChoiceID":53,"Grades":{"SC_ve7ZkVWe7vL4S7n":"3","SC_CebMVZ92MZfnHJm":"3"},"index":262},{"AnswerID":4,"ChoiceID":53,"Grades":{"SC_ve7ZkVWe7vL4S7n":"4","SC_CebMVZ92MZfnHJm":"4"},"index":263},{"AnswerID":5,"ChoiceID":53,"Grades":{"SC_ve7ZkVWe7vL4S7n":"5","SC_CebMVZ92MZfnHJm":"5"},"index":264},{"AnswerID":1,"ChoiceID":54,"Grades":{"SC_Q6QyHf0rSA4nbGb":"1","SC_Gj4oap6Q068p9UH":"1"},"index":265},{"AnswerID":2,"ChoiceID":54,"Grades":{"SC_Q6QyHf0rSA4nbGb":"2","SC_Gj4oap6Q068p9UH":"2"},"index":266},{"AnswerID":3,"ChoiceID":54,"Grades":{"SC_Q6QyHf0rSA4nbGb":"3","SC_Gj4oap6Q068p9UH":"3"},"index":267},{"AnswerID":4,"ChoiceID":54,"Grades":{"SC_Q6QyHf0rSA4nbGb":"4","SC_Gj4oap6Q068p9UH":"4"},"index":268},{"AnswerID":5,"ChoiceID":54,"Grades":{"SC_Q6QyHf0rSA4nbGb":"5","SC_Gj4oap6Q068p9UH":"5"},"index":269},{"AnswerID":1,"ChoiceID":55,"Grades":{"SC_HsxPZPUp0JA9v5T":"5","SC_pBRXsJSDRFSgYTv":"5"},"index":270},{"AnswerID":2,"ChoiceID":55,"Grades":{"SC_HsxPZPUp0JA9v5T":"4","SC_pBRXsJSDRFSgYTv":"4"},"index":271},{"AnswerID":3,"ChoiceID":55,"Grades":{"SC_HsxPZPUp0JA9v5T":"3","SC_pBRXsJSDRFSgYTv":"3"},"index":272},{"AnswerID":4,"ChoiceID":55,"Grades":{"SC_HsxPZPUp0JA9v5T":"2","SC_pBRXsJSDRFSgYTv":"2"},"index":273},{"AnswerID":5,"ChoiceID":55,"Grades":{"SC_HsxPZPUp0JA9v5T":"1","SC_pBRXsJSDRFSgYTv":"1"},"index":274},{"AnswerID":1,"ChoiceID":56,"Grades":{"SC_FgCvDDtImwQX4jP":"1","SC_uxD4ylPuvVO4fkN":"1"},"index":275},{"AnswerID":2,"ChoiceID":56,"Grades":{"SC_FgCvDDtImwQX4jP":"2","SC_uxD4ylPuvVO4fkN":"2"},"index":276},{"AnswerID":3,"ChoiceID":56,"Grades":{"SC_FgCvDDtImwQX4jP":"3","SC_uxD4ylPuvVO4fkN":"3"},"index":277},{"AnswerID":4,"ChoiceID":56,"Grades":{"SC_FgCvDDtImwQX4jP":"4","SC_uxD4ylPuvVO4fkN":"4"},"index":278},{"AnswerID":5,"ChoiceID":56,"Grades":{"SC_FgCvDDtImwQX4jP":"5","SC_uxD4ylPuvVO4fkN":"5"},"index":279},{"AnswerID":1,"ChoiceID":57,"Grades":{"SC_wXFmHM0ll9Tbc00":"1","SC_G48WiZEV1swLQ3c":"1"},"index":280},{"AnswerID":2,"ChoiceID":57,"Grades":{"SC_wXFmHM0ll9Tbc00":"2","SC_G48WiZEV1swLQ3c":"2"},"index":281},{"AnswerID":3,"ChoiceID":57,"Grades":{"SC_wXFmHM0ll9Tbc00":"3","SC_G48WiZEV1swLQ3c":"3"},"index":282},{"AnswerID":4,"ChoiceID":57,"Grades":{"SC_wXFmHM0ll9Tbc00":"4","SC_G48WiZEV1swLQ3c":"4"},"index":283},{"AnswerID":5,"ChoiceID":57,"Grades":{"SC_wXFmHM0ll9Tbc00":"5","SC_G48WiZEV1swLQ3c":"5"},"index":284},{"AnswerID":1,"ChoiceID":58,"Grades":{"SC_ve7ZkVWe7vL4S7n":"5","SC_4Ox8mH6gTb4bTpX":"5"},"index":285},{"AnswerID":2,"ChoiceID":58,"Grades":{"SC_ve7ZkVWe7vL4S7n":"4","SC_4Ox8mH6gTb4bTpX":"4"},"index":286},{"AnswerID":3,"ChoiceID":58,"Grades":{"SC_ve7ZkVWe7vL4S7n":"3","SC_4Ox8mH6gTb4bTpX":"3"},"index":287},{"AnswerID":4,"ChoiceID":58,"Grades":{"SC_ve7ZkVWe7vL4S7n":"2","SC_4Ox8mH6gTb4bTpX":"2"},"index":288},{"AnswerID":5,"ChoiceID":58,"Grades":{"SC_ve7ZkVWe7vL4S7n":"1","SC_4Ox8mH6gTb4bTpX":"1"},"index":289},{"AnswerID":1,"ChoiceID":59,"Grades":{"SC_Q6QyHf0rSA4nbGb":"1","SC_0iZMDTpucFVZ4Ar":"1"},"index":290},{"AnswerID":2,"ChoiceID":59,"Grades":{"SC_Q6QyHf0rSA4nbGb":"2","SC_0iZMDTpucFVZ4Ar":"2"},"index":291},{"AnswerID":3,"ChoiceID":59,"Grades":{"SC_Q6QyHf0rSA4nbGb":"3","SC_0iZMDTpucFVZ4Ar":"3"},"index":292},{"AnswerID":4,"ChoiceID":59,"Grades":{"SC_Q6QyHf0rSA4nbGb":"4","SC_0iZMDTpucFVZ4Ar":"4"},"index":293},{"AnswerID":5,"ChoiceID":59,"Grades":{"SC_Q6QyHf0rSA4nbGb":"5","SC_0iZMDTpucFVZ4Ar":"5"},"index":294},{"AnswerID":1,"ChoiceID":60,"Grades":{"SC_HsxPZPUp0JA9v5T":"1","SC_oFlIrMtsvjVhlNw":"1"},"index":295},{"AnswerID":2,"ChoiceID":60,"Grades":{"SC_HsxPZPUp0JA9v5T":"2","SC_oFlIrMtsvjVhlNw":"2"},"index":296},{"AnswerID":3,"ChoiceID":60,"Grades":{"SC_HsxPZPUp0JA9v5T":"3","SC_oFlIrMtsvjVhlNw":"3"},"index":297},{"AnswerID":4,"ChoiceID":60,"Grades":{"SC_HsxPZPUp0JA9v5T":"4","SC_oFlIrMtsvjVhlNw":"4"},"index":298},{"AnswerID":5,"ChoiceID":60,"Grades":{"SC_HsxPZPUp0JA9v5T":"5","SC_oFlIrMtsvjVhlNw":"5"},"index":299}],"Language":[],"NextChoiceId":61,"NextAnswerId":6,"Answers":{"1":{"Display":"Disagree     strongly"},"2":{"Display":"Disagree      a little"},"3":{"Display":"Neutral; no opinion"},"4":{"Display":"Agree      a little"},"5":{"Display":"Agree      strongly"}},"AnswerOrder":[1,2,3,4,5],"ChoiceDataExportTags":false,"QuestionID":"QID2"}},{"SurveyID":"SV_ctJ8YRuzHnDqkLP","Element":"RS","PrimaryAttribute":"RS_6WHveHP4ylgQFVP","SecondaryAttribute":"Default Response Set","TertiaryAttribute":null,"Payload":null},{"SurveyID":"SV_ctJ8YRuzHnDqkLP","Element":"SQ","PrimaryAttribute":"QID100","SecondaryAttribute":"<div style=\"text-align: center;\"><strong>Risk Propensity</strong></div><div>&nbsp;</div><div>Please ","TertiaryAttribute":null,"Payload":{"QuestionType":"Matrix","Selector":"Likert","SubSelector":"SingleAnswer","QuestionID":"QID100","QuestionText":"<div style=\"text-align: center;\"><strong>Risk Propensity</strong></div><div>&nbsp;</div><div>Please indicate how much you agree or disagree with each statement below.</div>","QuestionDescription":"<div style=\"text-align: center;\"><strong>Risk Propensity</strong></div><div>&nbsp;</div><div>Please indicate how much you agree or disagree with each statement below.</div>","DataExportTag":"RPS","Choices":{"1":{"Display":"Safety first."},"2":{"Display":"I do not take risks with my health."},"3":{"Display":"I prefer to avoid risks."},"4":{"Display":"I take risks regularly."},"5":{"Display":"I really dislike not knowing what is going to happen."},"6":{"Display":"I usually view risks as a challenge."},"7":{"Display":"To show you're reading carefully, please select 'Totally Agree' for this item."}},"ChoiceOrder":[1,2,3,4,5,6,7],"Answers":{"1":{"Display":"Totally Disagree"},"2":{"Display":"Strongly Disagree"},"3":{"Display":"Disagree"},"4":{"Display":"Slightly Disagree"},"5":{"Display":"Neutral"},"6":{"Display":"Slightly Agree"},"7":{"Display":"Agree"},"8":{"Display":"Strongly Agree"},"9":{"Display":"Totally Agree"}},"AnswerOrder":[1,2,3,4,5,6,7,8,9],"ChoiceDataExportTags":false,"NextChoiceId":8,"NextAnswerId":10,"Configuration":{"QuestionDescriptionOption":"UseText","TextPosition":"inline","ChoiceColumnWidth":25,"RepeatHeaders":"middle","WhiteSpace":"OFF","MobileFirst":true},"Validation":{"Settings":{"ForceResponse":"RequestResponse","ForceResponseType":"RequestResponse","Type":"None"}},"Randomization":{"Type":"All","TotalRandSubset":"","Advanced":null},"DataVisibility":{"Private":false,"Hidden":false},"DefaultChoices":false,"GradingData":[{"AnswerID":1,"ChoiceID":1,"Grades":{"SC_XyE73XsiSuz5HKV":"9"},"index":0},{"AnswerID":2,"ChoiceID":1,"Grades":{"SC_XyE73XsiSuz5HKV":"8"},"index":1},{"AnswerID":3,"ChoiceID":1,"Grades":{"SC_XyE73XsiSuz5HKV":"7"},"index":2},{"AnswerID":4,"ChoiceID":1,"Grades":{"SC_XyE73XsiSuz5HKV":"6"},"index":3},{"AnswerID":5,"ChoiceID":1,"Grades":{"SC_XyE73XsiSuz5HKV":"5"},"index":4},{"AnswerID":6,"ChoiceID":1,"Grades":{"SC_XyE73XsiSuz5HKV":"4"},"index":5},{"AnswerID":7,"ChoiceID":1,"Grades":{"SC_XyE73XsiSuz5HKV":"3"},"index":6},{"AnswerID":8,"ChoiceID":1,"Grades":{"SC_XyE73XsiSuz5HKV":"2"},"index":7},{"AnswerID":9,"ChoiceID":1,"Grades":{"SC_XyE73XsiSuz5HKV":"1"},"index":8},{"AnswerID":1,"ChoiceID":2,"Grades":{"SC_XyE73XsiSuz5HKV":"9"},"index":9},{"AnswerID":2,"ChoiceID":2,"Grades":{"SC_XyE73XsiSuz5HKV":"8"},"index":10},{"AnswerID":3,"ChoiceID":2,"Grades":{"SC_XyE73XsiSuz5HKV":"7"},"index":11},{"AnswerID":4,"ChoiceID":2,"Grades":{"SC_XyE73XsiSuz5HKV":"6"},"index":12},{"AnswerID":5,"ChoiceID":2,"Grades":{"SC_XyE73XsiSuz5HKV":"5"},"index":13},{"AnswerID":6,"ChoiceID":2,"Grades":{"SC_XyE73XsiSuz5HKV":"4"},"index":14},{"AnswerID":7,"ChoiceID":2,"Grades":{"SC_XyE73XsiSuz5HKV":"3"},"index":15},{"AnswerID":8,"ChoiceID":2,"Grades":{"SC_XyE73XsiSuz5HKV":"2"},"index":16},{"AnswerID":9,"ChoiceID":2,"Grades":{"SC_XyE73XsiSuz5HKV":"1"},"index":17},{"AnswerID":1,"ChoiceID":3,"Grades":{"SC_XyE73XsiSuz5HKV":"9"},"index":18},{"AnswerID":2,"ChoiceID":3,"Grades":{"SC_XyE73XsiSuz5HKV":"8"},"index":19},{"AnswerID":3,"ChoiceID":3,"Grades":{"SC_XyE73XsiSuz5HKV":"7"},"index":20},{"AnswerID":4,"ChoiceID":3,"Grades":{"SC_XyE73XsiSuz5HKV":"6"},"index":21},{"AnswerID":5,"ChoiceID":3,"Grades":{"SC_XyE73XsiSuz5HKV":"5"},"index":22},{"AnswerID":6,"ChoiceID":3,"Grades":{"SC_XyE73XsiSuz5HKV":"4"},"index":23},{"AnswerID":7,"ChoiceID":3,"Grades":{"SC_XyE73XsiSuz5HKV":"3"},"index":24},{"AnswerID":8,"ChoiceID":3,"Grades":{"SC_XyE73XsiSuz5HKV":"2"},"index":25},{"AnswerID":9,"ChoiceID":3,"Grades":{"SC_XyE73XsiSuz5HKV":"1"},"index":26},{"AnswerID":1,"ChoiceID":4,"Grades":{"SC_XyE73XsiSuz5HKV":"1"},"index":27},{"AnswerID":2,"ChoiceID":4,"Grades":{"SC_XyE73XsiSuz5HKV":"2"},"index":28},{"AnswerID":3,"ChoiceID":4,"Grades":{"SC_XyE73XsiSuz5HKV":"3"},"index":29},{"AnswerID":4,"ChoiceID":4,"Grades":{"SC_XyE73XsiSuz5HKV":"4"},"index":30},{"AnswerID":5,"ChoiceID":4,"Grades":{"SC_XyE73XsiSuz5HKV":"5"},"index":31},{"AnswerID":6,"ChoiceID":4,"Grades":{"SC_XyE73XsiSuz5HKV":"6"},"index":32},{"AnswerID":7,"ChoiceID":4,"Grades":{"SC_XyE73XsiSuz5HKV":"7"},"index":33},{"AnswerID":8,"ChoiceID":4,"Grades":{"SC_XyE73XsiSuz5HKV":"8"},"index":34},{"AnswerID":9,"ChoiceID":4,"Grades":{"SC_XyE73XsiSuz5HKV":"9"},"index":35},{"AnswerID":1,"ChoiceID":5,"Grades":{"SC_XyE73XsiSuz5HKV":"9"},"index":36},{"AnswerID":2,"ChoiceID":5,"Grades":{"SC_XyE73XsiSuz5HKV":"8"},"index":37},{"AnswerID":3,"ChoiceID":5,"Grades":{"SC_XyE73XsiSuz5HKV":"7"},"index":38},{"AnswerID":4,"ChoiceID":5,"Grades":{"SC_XyE73XsiSuz5HKV":"6"},"index":39},{"AnswerID":5,"ChoiceID":5,"Grades":{"SC_XyE73XsiSuz5HKV":"5"},"index":40},{"AnswerID":6,"ChoiceID":5,"Grades":{"SC_XyE73XsiSuz5HKV":"4"},"index":41},{"AnswerID":7,"ChoiceID":5,"Grades":{"SC_XyE73XsiSuz5HKV":"3"},"index":42},{"AnswerID":8,"ChoiceID":5,"Grades":{"SC_XyE73XsiSuz5HKV":"2"},"index":43},{"AnswerID":9,"ChoiceID":5,"Grades":{"SC_XyE73XsiSuz5HKV":"1"},"index":44},{"AnswerID":1,"ChoiceID":6,"Grades":{"SC_XyE73XsiSuz5HKV":"1"},"index":45},{"AnswerID":2,"ChoiceID":6,"Grades":{"SC_XyE73XsiSuz5HKV":"2"},"index":46},{"AnswerID":3,"ChoiceID":6,"Grades":{"SC_XyE73XsiSuz5HKV":"3"},"index":47},{"AnswerID":4,"ChoiceID":6,"Grades":{"SC_XyE73XsiSuz5HKV":"4"},"index":48},{"AnswerID":5,"ChoiceID":6,"Grades":{"SC_XyE73XsiSuz5HKV":"5"},"index":49},{"AnswerID":6,"ChoiceID":6,"Grades":{"SC_XyE73XsiSuz5HKV":"6"},"index":50},{"AnswerID":7,"ChoiceID":6,"Grades":{"SC_XyE73XsiSuz5HKV":"7"},"index":51},{"AnswerID":8,"ChoiceID":6,"Grades":{"SC_XyE73XsiSuz5HKV":"8"},"index":52},{"AnswerID":9,"ChoiceID":6,"Grades":{"SC_XyE73XsiSuz5HKV":"9"},"index":53},{"AnswerID":1,"ChoiceID":7,"Grades":{"SC_OvUVsMYfNEUtsqS":"0"},"index":54},{"AnswerID":2,"ChoiceID":7,"Grades":{"SC_OvUVsMYfNEUtsqS":"0"},"index":55},{"AnswerID":3,"ChoiceID":7,"Grades":{"SC_OvUVsMYfNEUtsqS":"0"},"index":56},{"AnswerID":4,"ChoiceID":7,"Grades":{"SC_OvUVsMYfNEUtsqS":"0"},"index":57},{"AnswerID":5,"ChoiceID":7,"Grades":{"SC_OvUVsMYfNEUtsqS":"0"},"index":58},{"AnswerID":6,"ChoiceID":7,"Grades":{"SC_OvUVsMYfNEUtsqS":"0"},"index":59},{"AnswerID":7,"ChoiceID":7,"Grades":{"SC_OvUVsMYfNEUtsqS":"0"},"index":60},{"AnswerID":8,"ChoiceID":7,"Grades":{"SC_OvUVsMYfNEUtsqS":"0"},"index":61},{"AnswerID":9,"ChoiceID":7,"Grades":{"SC_OvUVsMYfNEUtsqS":"1"},"index":62}],"Language":[]}},{"SurveyID":"SV_ctJ8YRuzHnDqkLP","Element":"SQ","PrimaryAttribute":"QID101","SecondaryAttribute":"<div>Where do you see yourself on the scale below?</div>","TertiaryAttribute":null,"Payload":{"QuestionType":"Matrix","Selector":"Likert","SubSelector":"SingleAnswer","QuestionID":"QID101","QuestionText":"<div>Where do you see yourself on the scale below?</div>","QuestionDescription":"<div>Where do you see yourself on the scale below?</div>","DataExportTag":"RPS_Q7","Choices":{"1":{"Display":"I see myself as a risk taker."}},"ChoiceOrder":[1],"Answers":{"1":{"Display":"1 - Risk avoider"},"2":{"Display":"2"},"3":{"Display":"3"},"4":{"Display":"4"},"5":{"Display":"5"},"6":{"Display":"6"},"7":{"Display":"7"},"8":{"Display":"8"},"9":{"Display":"9 - Risk taker"}},"AnswerOrder":[1,2,3,4,5,6,7,8,9],"ChoiceDataExportTags":false,"NextChoiceId":2,"NextAnswerId":10,"Configuration":{"QuestionDescriptionOption":"UseText","TextPosition":"inline","ChoiceColumnWidth":25,"RepeatHeaders":"middle","WhiteSpace":"OFF","MobileFirst":true},"Validation":{"Settings":{"ForceResponse":"RequestResponse","ForceResponseType":"RequestResponse","Type":"None"}},"Randomization":{"Type":"All","TotalRandSubset":"","Advanced":null},"DataVisibility":{"Private":false,"Hidden":false},"DefaultChoices":false,"GradingData":[{"AnswerID":1,"ChoiceID":1,"Grades":{"SC_XyE73XsiSuz5HKV":"1"},"index":0},{"AnswerID":2,"ChoiceID":1,"Grades":{"SC_XyE73XsiSuz5HKV":"2"},"index":1},{"AnswerID":3,"ChoiceID":1,"Grades":{"SC_XyE73XsiSuz5HKV":"3"},"index":2},{"AnswerID":4,"ChoiceID":1,"Grades":{"SC_XyE73XsiSuz5HKV":"4"},"index":3},{"AnswerID":5,"ChoiceID":1,"Grades":{"SC_XyE73XsiSuz5HKV":"5"},"index":4},{"AnswerID":6,"ChoiceID":1,"Grades":{"SC_XyE73XsiSuz5HKV":"6"},"index":5},{"AnswerID":7,"ChoiceID":1,"Grades":{"SC_XyE73XsiSuz5HKV":"7"},"index":6},{"AnswerID":8,"ChoiceID":1,"Grades":{"SC_XyE73XsiSuz5HKV":"8"},"index":7},{"AnswerID":9,"ChoiceID":1,"Grades":{"SC_XyE73XsiSuz5HKV":"9"},"index":8}],"Language":[]}}]}