{"SurveyEntry":{"SurveyID":"SV_ctJ8YRuzHnDqkLP","SurveyName":"BFI-2-XS Extra-short form (scored)","SurveyDescription":null,"SurveyOwnerID":"UR_bwp9JyMgqJILYxL","SurveyBrandID":"colby","DivisionID":null,"SurveyLanguage":"EN","SurveyActiveResponseSet":"RS_6WHveHP4ylgQFVP","SurveyStatus":"Inactive","SurveyStartDate":"0000-00-00 00:00:00","SurveyExpirationDate":"0000-00-00 00:00:00","SurveyCreationDate":"2020-03-03 11:13:29","CreatorID":"UR_bwp9JyMgqJILYxL","LastModified":"2020-03-03 11:27:17","LastAccessed":"0000-00-00 00:00:00","LastActivated":"0000-00-00 00:00:00","Deleted":null},"SurveyElements":[{"SurveyID":"SV_ctJ8YRuzHnDqkLP","Element":"BL","PrimaryAttribute":"Survey Blocks","SecondaryAttribute":null,"TertiaryAttribute":null,"Payload":[{"Type":"Default","SubType":"","Description":"BFI-2-XS Extra-short form (15 items)","ID":"BL_1Nb8W8IuyRmvolD","BlockElements":[{"Type":"Question","QuestionID":"QID4"}]}]},{"SurveyID":"SV_ctJ8YRuzHnDqkLP","Element":"FL","PrimaryAttribute":"Survey Flow","SecondaryAttribute":null,"TertiaryAttribute":null,"Payload":{"Flow":[{"ID":"BL_1Nb8W8IuyRmvolD","Type":"Block","FlowID":"FL_2"}],"Properties":{"Count":2},"FlowID":"FL_1","Type":"Root"}},{"SurveyID":"SV_ctJ8YRuzHnDqkLP","Element":"SO","PrimaryAttribute":"Survey Options","SecondaryAttribute":null,"TertiaryAttribute":null,"Payload":{"BackButton":"false","SaveAndContinue":"true","SurveyProtection":"PublicSurvey","BallotBoxStuffingPrevention":"false","NoIndex":"Yes","SecureResponseFiles":"true","SurveyExpiration":"None","SurveyTermination":"DefaultMessage","Header":"","Footer":"","ProgressBarDisplay":"None","PartialData":"+1 week","ValidationMessage":"","PreviousButton":" \u2190 ","NextButton":" \u2192 ","SurveyTitle":"Online Survey Software | Qualtrics Survey Solutions","SkinLibrary":"colby","SkinType":"MQ","Skin":"colby","NewScoring":1,"SurveyName":"BFI-2 Full measure and short forms"}},{"SurveyID":"SV_ctJ8YRuzHnDqkLP","Element":"PROJ","PrimaryAttribute":"CORE","SecondaryAttribute":null,"TertiaryAttribute":"1.1.0","Payload":{"ProjectCategory":"CORE","SchemaVersion":"1.1.0"}},{"SurveyID":"SV_ctJ8YRuzHnDqkLP","Element":"STAT","PrimaryAttribute":"Survey Statistics","SecondaryAttribute":null,"TertiaryAttribute":null,"Payload":{"MobileCompatible":false,"ID":"Survey Statistics"}},{"SurveyID":"SV_ctJ8YRuzHnDqkLP","Element":"SCO","PrimaryAttribute":"Scoring","SecondaryAttribute":null,"TertiaryAttribute":null,"Payload":{"ScoringCategories":[{"ID":"SC_FgCvDDtImwQX4jP","Name":"Extraversion","Description":""},{"ID":"SC_wXFmHM0ll9Tbc00","Name":"Agreeableness","Description":""},{"ID":"SC_ve7ZkVWe7vL4S7n","Name":"Conscientiousness","Description":""},{"ID":"SC_Q6QyHf0rSA4nbGb","Name":"Negative Emotionality","Description":""},{"ID":"SC_HsxPZPUp0JA9v5T","Name":"Open-Mindedness","Description":""}],"ScoringCategoryGroups":[],"DefaultScoringCategory":"SC_FgCvDDtImwQX4jP","ScoringSummaryCategory":"SC_FgCvDDtImwQX4jP","ScoringSummaryAfterQuestions":0,"ScoringSummaryAfterSurvey":0,"AutoScoringCategory":null,"IgnoreNullValues":true}},{"SurveyID":"SV_ctJ8YRuzHnDqkLP","Element":"QC","PrimaryAttribute":"Survey Question Count","SecondaryAttribute":"1","TertiaryAttribute":null,"Payload":null},{"SurveyID":"SV_ctJ8YRuzHnDqkLP","Element":"SQ","PrimaryAttribute":"QID4","SecondaryAttribute":"Your Personality \u00a0 Here are a number of characteristics that may or may not apply to you. For exa..","TertiaryAttribute":null,"Payload":{"QuestionText":"<div style=\"text-align: center;\"><strong><span style=\"font-size: 15px;\">Your Personality</span></strong></div>\n\n<div><span style=\"font-size: 15px;\">&nbsp;</span></div>\n\n<div><span style=\"font-size: 15px;\">Here are a number of characteristics that may or may not apply to you. For example, do you agree that you are someone who likes to spend time with others? Please select a response to indicate the extent to which you agree or disagree with each statement.</span></div>\n\n<div><span style=\"font-size: 15px;\">&nbsp;</span></div>\n\n<div><em><strong><span style=\"font-size: 15px;\">I am someone who...</span></strong></em></div>","DefaultChoices":false,"DataExportTag":"BFI-2-XS","QuestionType":"Matrix","Selector":"Likert","SubSelector":"SingleAnswer","DataVisibility":{"Private":false,"Hidden":false},"Configuration":{"QuestionDescriptionOption":"UseText","TextPosition":"inline","ChoiceColumnWidth":25,"RepeatHeaders":"middle","WhiteSpace":"OFF","MobileFirst":true},"QuestionDescription":"Your Personality \u00a0 Here are a number of characteristics that may or may not apply to you. For exa...","Choices":{"1":{"Display":"Tends to be quiet."},"2":{"Display":"Is compassionate, has a soft heart."},"3":{"Display":"Tends to be disorganized."},"4":{"Display":"Worries a lot."},"5":{"Display":"Is fascinated by art, music, or literature."},"6":{"Display":"Is dominant, acts as a leader."},"7":{"Display":"Is sometimes rude to others."},"8":{"Display":"Has difficulty getting started on tasks."},"9":{"Display":"Tends to feel depressed, blue."},"10":{"Display":"Has little interest in abstract ideas."},"11":{"Display":"Is full of energy."},"12":{"Display":"Assumes the best about people."},"13":{"Display":"Is reliable, can always be counted on."},"14":{"Display":"Is emotionally stable, not easily upset."},"15":{"Display":"Is original, comes up with new ideas."}},"ChoiceOrder":[1,2,3,4,5,6,7,8,9,10,11,12,13,14,15],"Randomization":{"Advanced":null,"Type":"All","TotalRandSubset":""},"Validation":{"Settings":{"ForceResponse":"RequestResponse","ForceResponseType":"RequestResponse","Type":"None"}},"GradingData":[{"AnswerID":1,"ChoiceID":1,"Grades":{"SC_FgCvDDtImwQX4jP":"5"},"index":0},{"AnswerID":2,"ChoiceID":1,"Grades":{"SC_FgCvDDtImwQX4jP":"4"},"index":1},{"AnswerID":3,"ChoiceID":1,"Grades":{"SC_FgCvDDtImwQX4jP":"3"},"index":2},{"AnswerID":4,"ChoiceID":1,"Grades":{"SC_FgCvDDtImwQX4jP":"2"},"index":3},{"AnswerID":5,"ChoiceID":1,"Grades":{"SC_FgCvDDtImwQX4jP":"1"},"index":4},{"AnswerID":1,"ChoiceID":2,"Grades":{"SC_wXFmHM0ll9Tbc00":"1"},"index":5},{"AnswerID":2,"ChoiceID":2,"Grades":{"SC_wXFmHM0ll9Tbc00":"2"},"index":6},{"AnswerID":3,"ChoiceID":2,"Grades":{"SC_wXFmHM0ll9Tbc00":"3"},"index":7},{"AnswerID":4,"ChoiceID":2,"Grades":{"SC_wXFmHM0ll9Tbc00":"4"},"index":8},{"AnswerID":5,"ChoiceID":2,"Grades":{"SC_wXFmHM0ll9Tbc00":"5"},"index":9},{"AnswerID":1,"ChoiceID":3,"Grades":{"SC_ve7ZkVWe7vL4S7n":"5"},"index":10},{"AnswerID":2,"ChoiceID":3,"Grades":{"SC_ve7ZkVWe7vL4S7n":"4"},"index":11},{"AnswerID":3,"ChoiceID":3,"Grades":{"SC_ve7ZkVWe7vL4S7n":"3"},"index":12},{"AnswerID":4,"ChoiceID":3,"Grades":{"SC_ve7ZkVWe7vL4S7n":"2"},"index":13},{"AnswerID":5,"ChoiceID":3,"Grades":{"SC_ve7ZkVWe7vL4S7n":"1"},"index":14},{"AnswerID":1,"ChoiceID":4,"Grades":{"SC_Q6QyHf0rSA4nbGb":"1"},"index":15},{"AnswerID":2,"ChoiceID":4,"Grades":{"SC_Q6QyHf0rSA4nbGb":"2"},"index":16},{"AnswerID":3,"ChoiceID":4,"Grades":{"SC_Q6QyHf0rSA4nbGb":"3"},"index":17},{"AnswerID":4,"ChoiceID":4,"Grades":{"SC_Q6QyHf0rSA4nbGb":"4"},"index":18},{"AnswerID":5,"ChoiceID":4,"Grades":{"SC_Q6QyHf0rSA4nbGb":"5"},"index":19},{"AnswerID":1,"ChoiceID":5,"Grades":{"SC_HsxPZPUp0JA9v5T":"1"},"index":20},{"AnswerID":2,"ChoiceID":5,"Grades":{"SC_HsxPZPUp0JA9v5T":"2"},"index":21},{"AnswerID":3,"ChoiceID":5,"Grades":{"SC_HsxPZPUp0JA9v5T":"3"},"index":22},{"AnswerID":4,"ChoiceID":5,"Grades":{"SC_HsxPZPUp0JA9v5T":"4"},"index":23},{"AnswerID":5,"ChoiceID":5,"Grades":{"SC_HsxPZPUp0JA9v5T":"5"},"index":24},{"AnswerID":1,"ChoiceID":6,"Grades":{"SC_FgCvDDtImwQX4jP":"1"},"index":25},{"AnswerID":2,"ChoiceID":6,"Grades":{"SC_FgCvDDtImwQX4jP":"2"},"index":26},{"AnswerID":3,"ChoiceID":6,"Grades":{"SC_FgCvDDtImwQX4jP":"3"},"index":27},{"AnswerID":4,"ChoiceID":6,"Grades":{"SC_FgCvDDtImwQX4jP":"4"},"index":28},{"AnswerID":5,"ChoiceID":6,"Grades":{"SC_FgCvDDtImwQX4jP":"5"},"index":29},{"AnswerID":1,"ChoiceID":7,"Grades":{"SC_wXFmHM0ll9Tbc00":"5"},"index":30},{"AnswerID":2,"ChoiceID":7,"Grades":{"SC_wXFmHM0ll9Tbc00":"4"},"index":31},{"AnswerID":3,"ChoiceID":7,"Grades":{"SC_wXFmHM0ll9Tbc00":"3"},"index":32},{"AnswerID":4,"ChoiceID":7,"Grades":{"SC_wXFmHM0ll9Tbc00":"2"},"index":33},{"AnswerID":5,"ChoiceID":7,"Grades":{"SC_wXFmHM0ll9Tbc00":"1"},"index":34},{"AnswerID":1,"ChoiceID":8,"Grades":{"SC_ve7ZkVWe7vL4S7n":"5"},"index":35},{"AnswerID":2,"ChoiceID":8,"Grades":{"SC_ve7ZkVWe7vL4S7n":"4"},"index":36},{"AnswerID":3,"ChoiceID":8,"Grades":{"SC_ve7ZkVWe7vL4S7n":"3"},"index":37},{"AnswerID":4,"ChoiceID":8,"Grades":{"SC_ve7ZkVWe7vL4S7n":"2"},"index":38},{"AnswerID":5,"ChoiceID":8,"Grades":{"SC_ve7ZkVWe7vL4S7n":"1"},"index":39},{"AnswerID":1,"ChoiceID":9,"Grades":{"SC_Q6QyHf0rSA4nbGb":"1"},"index":40},{"AnswerID":2,"ChoiceID":9,"Grades":{"SC_Q6QyHf0rSA4nbGb":"2"},"index":41},{"AnswerID":3,"ChoiceID":9,"Grades":{"SC_Q6QyHf0rSA4nbGb":"3"},"index":42},{"AnswerID":4,"ChoiceID":9,"Grades":{"SC_Q6QyHf0rSA4nbGb":"4"},"index":43},{"AnswerID":5,"ChoiceID":9,"Grades":{"SC_Q6QyHf0rSA4nbGb":"5"},"index":44},{"AnswerID":1,"ChoiceID":10,"Grades":{"SC_HsxPZPUp0JA9v5T":"5"},"index":45},{"AnswerID":2,"ChoiceID":10,"Grades":{"SC_HsxPZPUp0JA9v5T":"4"},"index":46},{"AnswerID":3,"ChoiceID":10,"Grades":{"SC_HsxPZPUp0JA9v5T":"3"},"index":47},{"AnswerID":4,"ChoiceID":10,"Grades":{"SC_HsxPZPUp0JA9v5T":"2"},"index":48},{"AnswerID":5,"ChoiceID":10,"Grades":{"SC_HsxPZPUp0JA9v5T":"1"},"index":49},{"AnswerID":1,"ChoiceID":11,"Grades":{"SC_FgCvDDtImwQX4jP":"1"},"index":50},{"AnswerID":2,"ChoiceID":11,"Grades":{"SC_FgCvDDtImwQX4jP":"2"},"index":51},{"AnswerID":3,"ChoiceID":11,"Grades":{"SC_FgCvDDtImwQX4jP":"3"},"index":52},{"AnswerID":4,"ChoiceID":11,"Grades":{"SC_FgCvDDtImwQX4jP":"4"},"index":53},{"AnswerID":5,"ChoiceID":11,"Grades":{"SC_FgCvDDtImwQX4jP":"5"},"index":54},{"AnswerID":1,"ChoiceID":12,"Grades":{"SC_wXFmHM0ll9Tbc00":"1"},"index":55},{"AnswerID":2,"ChoiceID":12,"Grades":{"SC_wXFmHM0ll9Tbc00":"2"},"index":56},{"AnswerID":3,"ChoiceID":12,"Grades":{"SC_wXFmHM0ll9Tbc00":"3"},"index":57},{"AnswerID":4,"ChoiceID":12,"Grades":{"SC_wXFmHM0ll9Tbc00":"4"},"index":58},{"AnswerID":5,"ChoiceID":12,"Grades":{"SC_wXFmHM0ll9Tbc00":"5"},"index":59},{"AnswerID":1,"ChoiceID":13,"Grades":{"SC_ve7ZkVWe7vL4S7n":"1"},"index":60},{"AnswerID":2,"ChoiceID":13,"Grades":{"SC_ve7ZkVWe7vL4S7n":"2"},"index":61},{"AnswerID":3,"ChoiceID":13,"Grades":{"SC_ve7ZkVWe7vL4S7n":"3"},"index":62},{"AnswerID":4,"ChoiceID":13,"Grades":{"SC_ve7ZkVWe7vL4S7n":"4"},"index":63},{"AnswerID":5,"ChoiceID":13,"Grades":{"SC_ve7ZkVWe7vL4S7n":"5"},"index":64},{"AnswerID":1,"ChoiceID":14,"Grades":{"SC_Q6QyHf0rSA4nbGb":"5"},"index":65},{"AnswerID":2,"ChoiceID":14,"Grades":{"SC_Q6QyHf0rSA4nbGb":"4"},"index":66},{"AnswerID":3,"ChoiceID":14,"Grades":{"SC_Q6QyHf0rSA4nbGb":"3"},"index":67},{"AnswerID":4,"ChoiceID":14,"Grades":{"SC_Q6QyHf0rSA4nbGb":"2"},"index":68},{"AnswerID":5,"ChoiceID":14,"Grades":{"SC_Q6QyHf0rSA4nbGb":"1"},"index":69},{"AnswerID":1,"ChoiceID":15,"Grades":{"SC_HsxPZPUp0JA9v5T":"1"},"index":70},{"AnswerID":2,"ChoiceID":15,"Grades":{"SC_HsxPZPUp0JA9v5T":"2"},"index":71},{"AnswerID":3,"ChoiceID":15,"Grades":{"SC_HsxPZPUp0JA9v5T":"3"},"index":72},{"AnswerID":4,"ChoiceID":15,"Grades":{"SC_HsxPZPUp0JA9v5T":"4"},"index":73},{"AnswerID":5,"ChoiceID":15,"Grades":{"SC_HsxPZPUp0JA9v5T":"5"},"index":74}],"Language":[],"NextChoiceId":16,"NextAnswerId":6,"Answers":{"1":{"Display":"Disagree strongly"},"2":{"Display":"Disagree a little"},"3":{"Display":"Neutral; no opinion"},"4":{"Display":"Agree a little"},"5":{"Display":"Agree strongly"}},"AnswerOrder":[1,2,3,4,5],"ChoiceDataExportTags":false,"QuestionID":"QID4"}},{"SurveyID":"SV_ctJ8YRuzHnDqkLP","Element":"RS","PrimaryAttribute":"RS_6WHveHP4ylgQFVP","SecondaryAttribute":"Default Response Set","TertiaryAttribute":null,"Payload":null}]}